# THIS IS AN AUTOGENERATED FILE. DO NOT EDIT THIS FILE DIRECTLY.
# yarn lockfile v1


pdfh5@^1.3.19:
  version "1.3.19"
  resolved "https://registry.yarnpkg.com/pdfh5/-/pdfh5-1.3.19.tgz#6c6da4c4dcc4a428c87e07100f2304922abe3d56"
  integrity sha512-jqzNikGS+yUda3pMAIz8bPOqGpB+dTovlBnzZFn5GGRjuXCTzGZjqTOrp2z0Tuc9lq3uxQNHDRm+m+xXwg+I0Q==

pdfjs-dist@^2.5.207:
  version "2.5.207"
  resolved "https://registry.yarnpkg.com/pdfjs-dist/-/pdfjs-dist-2.5.207.tgz#b5e8c19627be64269cd3fb6df3eaaf45ddffe7b6"
  integrity sha512-xGDUhnCYPfHy+unMXCLCJtlpZaaZ17Ew3WIL0tnSgKFUZXHAPD49GO9xScyszSsQMoutNDgRb+rfBXIaX/lJbw==
